
Microsoft Visual Studio Solution File, Format Version 12.00
# Visual Studio Version 17
VisualStudioVersion = 17.7.34024.191
MinimumVisualStudioVersion = 10.0.40219.1
Project("{FAE04EC0-301F-11D3-BF4B-00C04F79EFBC}") = "XJSC120230911", "XJSC120230911\XJSC120230911.csproj", "{8302FC1D-F517-4F79-B51A-BE862C21091C}"
EndProject
Global
	GlobalSection(SolutionConfigurationPlatforms) = preSolution
		Debug|Any CPU = Debug|Any CPU
		Release|Any CPU = Release|Any CPU
	EndGlobalSection
	GlobalSection(ProjectConfigurationPlatforms) = postSolution
		{8302FC1D-F517-4F79-B51A-BE862C21091C}.Debug|Any CPU.ActiveCfg = Debug|Any CPU
		{8302FC1D-F517-4F79-B51A-BE862C21091C}.Debug|Any CPU.Build.0 = Debug|Any CPU
		{8302FC1D-F517-4F79-B51A-BE862C21091C}.Release|Any CPU.ActiveCfg = Release|Any CPU
		{8302FC1D-F517-4F79-B51A-BE862C21091C}.Release|Any CPU.Build.0 = Release|Any CPU
	EndGlobalSection
	GlobalSection(SolutionProperties) = preSolution
		HideSolutionNode = FALSE
	EndGlobalSection
	GlobalSection(ExtensibilityGlobals) = postSolution
		SolutionGuid = {40BF6FE9-2387-4401-85B0-FA2CA6D35490}
	EndGlobalSection
EndGlobal
